
Microsoft Visual Studio Solution File, Format Version 12.00
# Visual Studio 15
VisualStudioVersion = 15.0.27703.2035
MinimumVisualStudioVersion = 10.0.40219.1
Project("{9A19103F-16F7-4668-BE54-9A1E7A4F7556}") = "UserFps", "UserFps\UserFps.csproj", "{2C81B624-977A-474C-BD0D-DE858700B194}"
EndProject
Project("{9A19103F-16F7-4668-BE54-9A1E7A4F7556}") = "DataApi", "DataApi\DataApi.csproj", "{D34DC169-5506-45E5-9D3E-D887F30287EC}"
EndProject
Global
	GlobalSection(SolutionConfigurationPlatforms) = preSolution
		Debug|Any CPU = Debug|Any CPU
		Release|Any CPU = Release|Any CPU
	EndGlobalSection
	GlobalSection(ProjectConfigurationPlatforms) = postSolution
		{2C81B624-977A-474C-BD0D-DE858700B194}.Debug|Any CPU.ActiveCfg = Debug|Any CPU
		{2C81B624-977A-474C-BD0D-DE858700B194}.Debug|Any CPU.Build.0 = Debug|Any CPU
		{2C81B624-977A-474C-BD0D-DE858700B194}.Release|Any CPU.ActiveCfg = Release|Any CPU
		{2C81B624-977A-474C-BD0D-DE858700B194}.Release|Any CPU.Build.0 = Release|Any CPU
		{D34DC169-5506-45E5-9D3E-D887F30287EC}.Debug|Any CPU.ActiveCfg = Debug|Any CPU
		{D34DC169-5506-45E5-9D3E-D887F30287EC}.Debug|Any CPU.Build.0 = Debug|Any CPU
		{D34DC169-5506-45E5-9D3E-D887F30287EC}.Release|Any CPU.ActiveCfg = Release|Any CPU
		{D34DC169-5506-45E5-9D3E-D887F30287EC}.Release|Any CPU.Build.0 = Release|Any CPU
	EndGlobalSection
	GlobalSection(SolutionProperties) = preSolution
		HideSolutionNode = FALSE
	EndGlobalSection
	GlobalSection(ExtensibilityGlobals) = postSolution
		SolutionGuid = {2BC6F559-F274-476A-82C3-42A4C0117B0F}
	EndGlobalSection
EndGlobal
